
Microsoft Visual Studio Solution File, Format Version 12.00
# Visual Studio Version 16
VisualStudioVersion = 16.0.31605.320
MinimumVisualStudioVersion = 10.0.40219.1
Project("{FAE04EC0-301F-11D3-BF4B-00C04F79EFBC}") = "InstaFollowers", "InstaFollowers\InstaFollowers.csproj", "{BF033F64-FDFF-464F-A5EB-C0A957876F64}"
EndProject
Global
	GlobalSection(SolutionConfigurationPlatforms) = preSolution
		Debug|Any CPU = Debug|Any CPU
		Release|Any CPU = Release|Any CPU
	EndGlobalSection
	GlobalSection(ProjectConfigurationPlatforms) = postSolution
		{BF033F64-FDFF-464F-A5EB-C0A957876F64}.Debug|Any CPU.ActiveCfg = Debug|Any CPU
		{BF033F64-FDFF-464F-A5EB-C0A957876F64}.Debug|Any CPU.Build.0 = Debug|Any CPU
		{BF033F64-FDFF-464F-A5EB-C0A957876F64}.Release|Any CPU.ActiveCfg = Release|Any CPU
		{BF033F64-FDFF-464F-A5EB-C0A957876F64}.Release|Any CPU.Build.0 = Release|Any CPU
	EndGlobalSection
	GlobalSection(SolutionProperties) = preSolution
		HideSolutionNode = FALSE
	EndGlobalSection
	GlobalSection(ExtensibilityGlobals) = postSolution
		SolutionGuid = {E2057C82-A479-471E-AC05-62EDE94290AF}
	EndGlobalSection
EndGlobal
